
Microsoft Visual Studio Solution File, Format Version 12.00
Project("{FAE04EC0-301F-11D3-BF4B-00C04F79EFBC}") = "Engine", "Engine\Engine.csproj", "{74BAC526-3335-41CC-95F5-6463AB7FBA54}"
EndProject
Project("{FAE04EC0-301F-11D3-BF4B-00C04F79EFBC}") = "DemoGame", "DemoGame\DemoGame.csproj", "{B8836E66-621F-4921-A23A-25722EAC4F07}"
EndProject
Global
	GlobalSection(SolutionConfigurationPlatforms) = preSolution
		Debug|Any CPU = Debug|Any CPU
		Release|Any CPU = Release|Any CPU
	EndGlobalSection
	GlobalSection(ProjectConfigurationPlatforms) = postSolution
		{74BAC526-3335-41CC-95F5-6463AB7FBA54}.Release|Any CPU.ActiveCfg = Release|Any CPU
		{74BAC526-3335-41CC-95F5-6463AB7FBA54}.Release|Any CPU.Build.0 = Release|Any CPU
		{74BAC526-3335-41CC-95F5-6463AB7FBA54}.Debug|Any CPU.ActiveCfg = Debug|Any CPU
		{74BAC526-3335-41CC-95F5-6463AB7FBA54}.Debug|Any CPU.Build.0 = Debug|Any CPU
		{B8836E66-621F-4921-A23A-25722EAC4F07}.Debug|Any CPU.ActiveCfg = Debug|Any CPU
		{B8836E66-621F-4921-A23A-25722EAC4F07}.Debug|Any CPU.Build.0 = Debug|Any CPU
	EndGlobalSection
EndGlobal
